
Microsoft Visual Studio Solution File, Format Version 12.00
# Visual Studio 15
VisualStudioVersion = 15.0.26730.16
MinimumVisualStudioVersion = 10.0.40219.1
Project("{FAE04EC0-301F-11D3-BF4B-00C04F79EFBC}") = "Fchat", "Fchat\Fchat.csproj", "{CFB4D66E-9963-4138-A351-32A1C698A78F}"
EndProject
Global
	GlobalSection(SolutionConfigurationPlatforms) = preSolution
		Debug|Any CPU = Debug|Any CPU
		Release|Any CPU = Release|Any CPU
	EndGlobalSection
	GlobalSection(ProjectConfigurationPlatforms) = postSolution
		{CFB4D66E-9963-4138-A351-32A1C698A78F}.Debug|Any CPU.ActiveCfg = Debug|Any CPU
		{CFB4D66E-9963-4138-A351-32A1C698A78F}.Debug|Any CPU.Build.0 = Debug|Any CPU
		{CFB4D66E-9963-4138-A351-32A1C698A78F}.Release|Any CPU.ActiveCfg = Release|Any CPU
		{CFB4D66E-9963-4138-A351-32A1C698A78F}.Release|Any CPU.Build.0 = Release|Any CPU
	EndGlobalSection
	GlobalSection(SolutionProperties) = preSolution
		HideSolutionNode = FALSE
	EndGlobalSection
	GlobalSection(ExtensibilityGlobals) = postSolution
		SolutionGuid = {689A0710-1DD6-453B-8462-77BC4E6EE6DB}
	EndGlobalSection
EndGlobal
